{
  "version": 4,
  "terraform_version": "1.11.1",
  "serial": 2,
  "lineage": "e9dd4d86-b1df-8fa0-b101-aaf0e1bbc48e",
  "outputs": {},
  "resources": [
    {
      "mode": "managed",
      "type": "azurerm_resource_group",
      "name": "devops-rg",
      "provider": "provider[\"registry.terraform.io/hashicorp/azurerm\"]",
      "instances": [
        {
          "schema_version": 0,
          "attributes": {
            "id": "/subscriptions/78a6d016-cf04-4a2b-a8a9-4e7e35b1be3f/resourceGroups/devops-rg",
            "location": "francecentral",
            "managed_by": "",
            "name": "devops-rg",
            "tags": {},
            "timeouts": null
          },
          "sensitive_attributes": [],
          "private": "eyJlMmJmYjczMC1lY2FhLTExZTYtOGY4OC0zNDM2M2JjN2M0YzAiOnsiY3JlYXRlIjo1NDAwMDAwMDAwMDAwLCJkZWxldGUiOjU0MDAwMDAwMDAwMDAsInJlYWQiOjMwMDAwMDAwMDAwMCwidXBkYXRlIjo1NDAwMDAwMDAwMDAwfSwic2NoZW1hX3ZlcnNpb24iOiIwIn0="
        }
      ]
    },
    {
      "mode": "managed",
      "type": "azurerm_virtual_network",
      "name": "jenkins-vm-vnet",
      "provider": "provider[\"registry.terraform.io/hashicorp/azurerm\"]",
      "instances": [
        {
          "schema_version": 0,
          "attributes": {
            "address_space": [
              "10.0.0.0/16"
            ],
            "bgp_community": "",
            "ddos_protection_plan": [],
            "dns_servers": [],
            "edge_zone": "",
            "encryption": [],
            "flow_timeout_in_minutes": 0,
            "guid": "b856196c-10e9-4ee6-a29a-a09aecda1e90",
            "id": "/subscriptions/78a6d016-cf04-4a2b-a8a9-4e7e35b1be3f/resourceGroups/devops-rg/providers/Microsoft.Network/virtualNetworks/jenkins-vm-vnet",
            "ip_address_pool": [],
            "location": "francecentral",
            "name": "jenkins-vm-vnet",
            "private_endpoint_vnet_policies": "Disabled",
            "resource_group_name": "devops-rg",
            "subnet": [
              {
                "address_prefixes": [
                  "10.0.0.0/24"
                ],
                "default_outbound_access_enabled": false,
                "delegation": [],
                "id": "/subscriptions/78a6d016-cf04-4a2b-a8a9-4e7e35b1be3f/resourceGroups/devops-rg/providers/Microsoft.Network/virtualNetworks/jenkins-vm-vnet/subnets/default",
                "name": "default",
                "private_endpoint_network_policies": "Disabled",
                "private_link_service_network_policies_enabled": true,
                "route_table_id": "",
                "security_group": "",
                "service_endpoint_policy_ids": [],
                "service_endpoints": []
              }
            ],
            "tags": {},
            "timeouts": null
          },
          "sensitive_attributes": [],
          "private": "eyJlMmJmYjczMC1lY2FhLTExZTYtOGY4OC0zNDM2M2JjN2M0YzAiOnsiY3JlYXRlIjoxODAwMDAwMDAwMDAwLCJkZWxldGUiOjE4MDAwMDAwMDAwMDAsInJlYWQiOjMwMDAwMDAwMDAwMCwidXBkYXRlIjoxODAwMDAwMDAwMDAwfSwic2NoZW1hX3ZlcnNpb24iOiIwIn0="
        }
      ]
    }
  ],
  "check_results": null
}
