{
  "version": 4,
  "terraform_version": "1.11.1",
  "serial": 18,
  "lineage": "e9dd4d86-b1df-8fa0-b101-aaf0e1bbc48e",
  "outputs": {
    "public_ip_address": {
      "value": "20.199.66.44",
      "type": "string"
    },
    "resource_group_location": {
      "value": "francecentral",
      "type": "string"
    },
    "resource_group_name": {
      "value": "devops-rg",
      "type": "string"
    },
    "vm_name": {
      "value": "jenkins-vm",
      "type": "string"
    }
  },
  "resources": [
    {
      "mode": "managed",
      "type": "azurerm_linux_virtual_machine",
      "name": "jenkins_vm",
      "provider": "provider[\"registry.terraform.io/hashicorp/azurerm\"]",
      "instances": [
        {
          "schema_version": 0,
          "attributes": {
            "additional_capabilities": [
              {
                "hibernation_enabled": false,
                "ultra_ssd_enabled": false
              }
            ],
            "admin_password": null,
            "admin_ssh_key": [
              {
                "public_key": "ssh-rsa AAAAB3NzaC1yc2EAAAADAQABAAABgQChWdOXPducRxpAkvr2ZYgh+drZCetRK5NjRTwVDyJVb9GmXXAyj15vwgXGPtxc1tT0TITrdXq8TaDA11+cnkPiCEMcCwVzxBuq+gINwddL5kkZtpfeBodulGojFvBAHiPuZTCKhJ0wgvzKEzLuPrEKoDg3hIudvpYmk+Jn5BBomW8kc5qmRx6X7jwKjPxi2dekwQuvGRxJvc+lZgeqhTXnIKrfeIUIETxxTU2VPSyDr8SaHgwkDHL0epKqc6GtbzYgm5ic6UQVhs68T18q19lHf5SeRNasRWweZFB4kjqCd8v+vKUBe9DnyR8ajYGLwlWDVQ/j0fd7w3J82owKPEcOj3xPWpl5prF42J9d4WO3EIOXrnYT/4YYsHAa1opw1Gg9N7puwa0q/k1lPzOtuuWXaUBsKzEASR6tiA/mV8XfjfOa+AUH8DW6GT2Kycrpw5DbyV2mJ5Tjb6tYQLni0Sg6I3tcr0cPPHPTKH77OrOoJu8WXLZoB69E+wTCZV+X1Y0= generated-by-azure",
                "username": "azureuser"
              }
            ],
            "admin_username": "azureuser",
            "allow_extension_operations": true,
            "availability_set_id": "",
            "boot_diagnostics": [
              {
                "storage_account_uri": ""
              }
            ],
            "bypass_platform_safety_checks_on_user_schedule_enabled": false,
            "capacity_reservation_group_id": "",
            "computer_name": "jenkins-vm",
            "custom_data": null,
            "dedicated_host_group_id": "",
            "dedicated_host_id": "",
            "disable_password_authentication": true,
            "disk_controller_type": "SCSI",
            "edge_zone": "",
            "encryption_at_host_enabled": false,
            "eviction_policy": "",
            "extensions_time_budget": "PT1H30M",
            "gallery_application": [],
            "id": "/subscriptions/78a6d016-cf04-4a2b-a8a9-4e7e35b1be3f/resourceGroups/devops-rg/providers/Microsoft.Compute/virtualMachines/jenkins-vm",
            "identity": [],
            "license_type": "",
            "location": "francecentral",
            "max_bid_price": -1,
            "name": "jenkins-vm",
            "network_interface_ids": [
              "/subscriptions/78a6d016-cf04-4a2b-a8a9-4e7e35b1be3f/resourceGroups/devops-rg/providers/Microsoft.Network/networkInterfaces/jenkins-vm593_z1"
            ],
            "os_disk": [
              {
                "caching": "ReadWrite",
                "diff_disk_settings": [],
                "disk_encryption_set_id": "",
                "disk_size_gb": 30,
                "id": "/subscriptions/78a6d016-cf04-4a2b-a8a9-4e7e35b1be3f/resourceGroups/DEVOPS-RG/providers/Microsoft.Compute/disks/jenkins-vm_OsDisk_1_237eab073e3c48b49cc8837255375e1f",
                "name": "jenkins-vm_OsDisk_1_237eab073e3c48b49cc8837255375e1f",
                "secure_vm_disk_encryption_set_id": "",
                "security_encryption_type": "",
                "storage_account_type": "Premium_LRS",
                "write_accelerator_enabled": false
              }
            ],
            "os_image_notification": [],
            "patch_assessment_mode": "ImageDefault",
            "patch_mode": "AutomaticByPlatform",
            "plan": [],
            "platform_fault_domain": -1,
            "priority": "Regular",
            "private_ip_address": "10.0.0.4",
            "private_ip_addresses": [
              "10.0.0.4"
            ],
            "provision_vm_agent": true,
            "proximity_placement_group_id": "",
            "public_ip_address": "20.199.66.44",
            "public_ip_addresses": [
              "20.199.66.44"
            ],
            "reboot_setting": "IfRequired",
            "resource_group_name": "devops-rg",
            "secret": [],
            "secure_boot_enabled": true,
            "size": "Standard_B1s",
            "source_image_id": "",
            "source_image_reference": [
              {
                "offer": "0001-com-ubuntu-server-jammy",
                "publisher": "canonical",
                "sku": "22_04-lts-gen2",
                "version": "latest"
              }
            ],
            "tags": {},
            "termination_notification": [],
            "timeouts": null,
            "user_data": "",
            "virtual_machine_id": "afda6bf5-54dc-4d0b-84c0-e0d4821cac50",
            "virtual_machine_scale_set_id": "",
            "vm_agent_platform_updates_enabled": false,
            "vtpm_enabled": true,
            "zone": "1"
          },
          "sensitive_attributes": [
            [
              {
                "type": "get_attr",
                "value": "custom_data"
              }
            ],
            [
              {
                "type": "get_attr",
                "value": "admin_password"
              }
            ]
          ],
          "private": "eyJlMmJmYjczMC1lY2FhLTExZTYtOGY4OC0zNDM2M2JjN2M0YzAiOnsiY3JlYXRlIjoyNzAwMDAwMDAwMDAwLCJkZWxldGUiOjI3MDAwMDAwMDAwMDAsInJlYWQiOjMwMDAwMDAwMDAwMCwidXBkYXRlIjoyNzAwMDAwMDAwMDAwfSwic2NoZW1hX3ZlcnNpb24iOiIwIn0=",
          "dependencies": [
            "azurerm_network_interface.jenkins_nic",
            "azurerm_public_ip.jenkins_vm_ip",
            "azurerm_resource_group.devops-rg",
            "azurerm_subnet.jenkins_subnet",
            "azurerm_virtual_network.jenkins-vm-vnet"
          ]
        }
      ]
    },
    {
      "mode": "managed",
      "type": "azurerm_managed_disk",
      "name": "jenkins_os_disk",
      "provider": "provider[\"registry.terraform.io/hashicorp/azurerm\"]",
      "instances": [
        {
          "schema_version": 1,
          "attributes": {
            "create_option": "FromImage",
            "disk_access_id": "",
            "disk_encryption_set_id": "",
            "disk_iops_read_only": 0,
            "disk_iops_read_write": 120,
            "disk_mbps_read_only": 0,
            "disk_mbps_read_write": 25,
            "disk_size_gb": 30,
            "edge_zone": "",
            "encryption_settings": [],
            "gallery_image_reference_id": "",
            "hyper_v_generation": "V2",
            "id": "/subscriptions/78a6d016-cf04-4a2b-a8a9-4e7e35b1be3f/resourceGroups/DEVOPS-RG/providers/Microsoft.Compute/disks/jenkins-vm_OsDisk_1_237eab073e3c48b49cc8837255375e1f",
            "image_reference_id": "/Subscriptions/78a6d016-cf04-4a2b-a8a9-4e7e35b1be3f/Providers/Microsoft.Compute/Locations/FranceCentral/Publishers/canonical/ArtifactTypes/VMImage/Offers/0001-com-ubuntu-server-jammy/Skus/22_04-lts-gen2/Versions/22.04.202506120",
            "location": "francecentral",
            "logical_sector_size": null,
            "max_shares": 0,
            "name": "jenkins-vm_OsDisk_1_237eab073e3c48b49cc8837255375e1f",
            "network_access_policy": "AllowAll",
            "on_demand_bursting_enabled": false,
            "optimized_frequent_attach_enabled": false,
            "os_type": "Linux",
            "performance_plus_enabled": false,
            "public_network_access_enabled": true,
            "resource_group_name": "DEVOPS-RG",
            "secure_vm_disk_encryption_set_id": "",
            "security_type": "",
            "source_resource_id": "",
            "source_uri": "",
            "storage_account_id": "",
            "storage_account_type": "Premium_LRS",
            "tags": {},
            "tier": "P4",
            "timeouts": null,
            "trusted_launch_enabled": true,
            "upload_size_bytes": 0,
            "zone": "1"
          },
          "sensitive_attributes": [],
          "private": "eyJlMmJmYjczMC1lY2FhLTExZTYtOGY4OC0zNDM2M2JjN2M0YzAiOnsiY3JlYXRlIjoxODAwMDAwMDAwMDAwLCJkZWxldGUiOjE4MDAwMDAwMDAwMDAsInJlYWQiOjMwMDAwMDAwMDAwMCwidXBkYXRlIjoxODAwMDAwMDAwMDAwfSwic2NoZW1hX3ZlcnNpb24iOiIxIn0=",
          "dependencies": [
            "azurerm_resource_group.devops-rg"
          ]
        }
      ]
    },
    {
      "mode": "managed",
      "type": "azurerm_network_interface",
      "name": "jenkins_nic",
      "provider": "provider[\"registry.terraform.io/hashicorp/azurerm\"]",
      "instances": [
        {
          "schema_version": 0,
          "attributes": {
            "accelerated_networking_enabled": false,
            "applied_dns_servers": [],
            "auxiliary_mode": "",
            "auxiliary_sku": "",
            "dns_servers": [],
            "edge_zone": "",
            "id": "/subscriptions/78a6d016-cf04-4a2b-a8a9-4e7e35b1be3f/resourceGroups/devops-rg/providers/Microsoft.Network/networkInterfaces/jenkins-vm593_z1",
            "internal_dns_name_label": "",
            "internal_domain_name_suffix": "",
            "ip_configuration": [
              {
                "gateway_load_balancer_frontend_ip_configuration_id": "",
                "name": "ipconfig1",
                "primary": true,
                "private_ip_address": "10.0.0.4",
                "private_ip_address_allocation": "Dynamic",
                "private_ip_address_version": "IPv4",
                "public_ip_address_id": "/subscriptions/78a6d016-cf04-4a2b-a8a9-4e7e35b1be3f/resourceGroups/devops-rg/providers/Microsoft.Network/publicIPAddresses/jenkins-vm-ip",
                "subnet_id": "/subscriptions/78a6d016-cf04-4a2b-a8a9-4e7e35b1be3f/resourceGroups/devops-rg/providers/Microsoft.Network/virtualNetworks/jenkins-vm-vnet/subnets/default"
              }
            ],
            "ip_forwarding_enabled": false,
            "location": "francecentral",
            "mac_address": "00-0D-3A-3C-1B-C6",
            "name": "jenkins-vm593_z1",
            "private_ip_address": "10.0.0.4",
            "private_ip_addresses": [
              "10.0.0.4"
            ],
            "resource_group_name": "devops-rg",
            "tags": {},
            "timeouts": null,
            "virtual_machine_id": "/subscriptions/78a6d016-cf04-4a2b-a8a9-4e7e35b1be3f/resourceGroups/devops-rg/providers/Microsoft.Compute/virtualMachines/jenkins-vm"
          },
          "sensitive_attributes": [],
          "private": "eyJlMmJmYjczMC1lY2FhLTExZTYtOGY4OC0zNDM2M2JjN2M0YzAiOnsiY3JlYXRlIjoxODAwMDAwMDAwMDAwLCJkZWxldGUiOjE4MDAwMDAwMDAwMDAsInJlYWQiOjMwMDAwMDAwMDAwMCwidXBkYXRlIjoxODAwMDAwMDAwMDAwfSwic2NoZW1hX3ZlcnNpb24iOiIwIn0=",
          "dependencies": [
            "azurerm_public_ip.jenkins_vm_ip",
            "azurerm_resource_group.devops-rg",
            "azurerm_subnet.jenkins_subnet",
            "azurerm_virtual_network.jenkins-vm-vnet"
          ]
        }
      ]
    },
    {
      "mode": "managed",
      "type": "azurerm_network_security_group",
      "name": "jenkins_nsg",
      "provider": "provider[\"registry.terraform.io/hashicorp/azurerm\"]",
      "instances": [
        {
          "schema_version": 0,
          "attributes": {
            "id": "/subscriptions/78a6d016-cf04-4a2b-a8a9-4e7e35b1be3f/resourceGroups/devops-rg/providers/Microsoft.Network/networkSecurityGroups/jenkins-vm-nsg",
            "location": "francecentral",
            "name": "jenkins-vm-nsg",
            "resource_group_name": "devops-rg",
            "security_rule": [
              {
                "access": "Allow",
                "description": "",
                "destination_address_prefix": "*",
                "destination_address_prefixes": [],
                "destination_application_security_group_ids": [],
                "destination_port_range": "22",
                "destination_port_ranges": [],
                "direction": "Inbound",
                "name": "Allow-Jenkins-8080",
                "priority": 100,
                "protocol": "Tcp",
                "source_address_prefix": "*",
                "source_address_prefixes": [],
                "source_application_security_group_ids": [],
                "source_port_range": "*",
                "source_port_ranges": []
              },
              {
                "access": "Allow",
                "description": "",
                "destination_address_prefix": "*",
                "destination_address_prefixes": [],
                "destination_application_security_group_ids": [],
                "destination_port_range": "3000",
                "destination_port_ranges": [],
                "direction": "Inbound",
                "name": "AllowPort3000",
                "priority": 301,
                "protocol": "Tcp",
                "source_address_prefix": "*",
                "source_address_prefixes": [],
                "source_application_security_group_ids": [],
                "source_port_range": "*",
                "source_port_ranges": []
              },
              {
                "access": "Allow",
                "description": "",
                "destination_address_prefix": "*",
                "destination_address_prefixes": [],
                "destination_application_security_group_ids": [],
                "destination_port_range": "443",
                "destination_port_ranges": [],
                "direction": "Inbound",
                "name": "HTTPS",
                "priority": 320,
                "protocol": "Tcp",
                "source_address_prefix": "*",
                "source_address_prefixes": [],
                "source_application_security_group_ids": [],
                "source_port_range": "*",
                "source_port_ranges": []
              },
              {
                "access": "Allow",
                "description": "",
                "destination_address_prefix": "*",
                "destination_address_prefixes": [],
                "destination_application_security_group_ids": [],
                "destination_port_range": "80",
                "destination_port_ranges": [],
                "direction": "Inbound",
                "name": "HTTP",
                "priority": 340,
                "protocol": "Tcp",
                "source_address_prefix": "*",
                "source_address_prefixes": [],
                "source_application_security_group_ids": [],
                "source_port_range": "*",
                "source_port_ranges": []
              },
              {
                "access": "Allow",
                "description": "",
                "destination_address_prefix": "*",
                "destination_address_prefixes": [],
                "destination_application_security_group_ids": [],
                "destination_port_range": "8080",
                "destination_port_ranges": [],
                "direction": "Inbound",
                "name": "AllowJenkins-8080",
                "priority": 300,
                "protocol": "Tcp",
                "source_address_prefix": "*",
                "source_address_prefixes": [],
                "source_application_security_group_ids": [],
                "source_port_range": "*",
                "source_port_ranges": []
              },
              {
                "access": "Allow",
                "description": "",
                "destination_address_prefix": "*",
                "destination_address_prefixes": [],
                "destination_application_security_group_ids": [],
                "destination_port_range": "9000",
                "destination_port_ranges": [],
                "direction": "Inbound",
                "name": "Allow-SonarQube",
                "priority": 1002,
                "protocol": "Tcp",
                "source_address_prefix": "*",
                "source_address_prefixes": [],
                "source_application_security_group_ids": [],
                "source_port_range": "*",
                "source_port_ranges": []
              }
            ],
            "tags": {},
            "timeouts": null
          },
          "sensitive_attributes": [],
          "private": "eyJlMmJmYjczMC1lY2FhLTExZTYtOGY4OC0zNDM2M2JjN2M0YzAiOnsiY3JlYXRlIjoxODAwMDAwMDAwMDAwLCJkZWxldGUiOjE4MDAwMDAwMDAwMDAsInJlYWQiOjMwMDAwMDAwMDAwMCwidXBkYXRlIjoxODAwMDAwMDAwMDAwfSwic2NoZW1hX3ZlcnNpb24iOiIwIn0=",
          "dependencies": [
            "azurerm_resource_group.devops-rg"
          ]
        }
      ]
    },
    {
      "mode": "managed",
      "type": "azurerm_public_ip",
      "name": "jenkins_vm_ip",
      "provider": "provider[\"registry.terraform.io/hashicorp/azurerm\"]",
      "instances": [
        {
          "schema_version": 0,
          "attributes": {
            "allocation_method": "Static",
            "ddos_protection_mode": "VirtualNetworkInherited",
            "ddos_protection_plan_id": null,
            "domain_name_label": null,
            "domain_name_label_scope": null,
            "edge_zone": "",
            "fqdn": null,
            "id": "/subscriptions/78a6d016-cf04-4a2b-a8a9-4e7e35b1be3f/resourceGroups/devops-rg/providers/Microsoft.Network/publicIPAddresses/jenkins-vm-ip",
            "idle_timeout_in_minutes": 4,
            "ip_address": "20.199.66.44",
            "ip_tags": {},
            "ip_version": "IPv4",
            "location": "francecentral",
            "name": "jenkins-vm-ip",
            "public_ip_prefix_id": null,
            "resource_group_name": "devops-rg",
            "reverse_fqdn": null,
            "sku": "Standard",
            "sku_tier": "Regional",
            "tags": {},
            "timeouts": null,
            "zones": [
              "1"
            ]
          },
          "sensitive_attributes": [],
          "private": "eyJlMmJmYjczMC1lY2FhLTExZTYtOGY4OC0zNDM2M2JjN2M0YzAiOnsiY3JlYXRlIjoxODAwMDAwMDAwMDAwLCJkZWxldGUiOjE4MDAwMDAwMDAwMDAsInJlYWQiOjMwMDAwMDAwMDAwMCwidXBkYXRlIjoxODAwMDAwMDAwMDAwfSwic2NoZW1hX3ZlcnNpb24iOiIwIn0=",
          "dependencies": [
            "azurerm_resource_group.devops-rg"
          ]
        }
      ]
    },
    {
      "mode": "managed",
      "type": "azurerm_resource_group",
      "name": "devops-rg",
      "provider": "provider[\"registry.terraform.io/hashicorp/azurerm\"]",
      "instances": [
        {
          "schema_version": 0,
          "attributes": {
            "id": "/subscriptions/78a6d016-cf04-4a2b-a8a9-4e7e35b1be3f/resourceGroups/devops-rg",
            "location": "francecentral",
            "managed_by": "",
            "name": "devops-rg",
            "tags": {},
            "timeouts": null
          },
          "sensitive_attributes": [],
          "private": "eyJlMmJmYjczMC1lY2FhLTExZTYtOGY4OC0zNDM2M2JjN2M0YzAiOnsiY3JlYXRlIjo1NDAwMDAwMDAwMDAwLCJkZWxldGUiOjU0MDAwMDAwMDAwMDAsInJlYWQiOjMwMDAwMDAwMDAwMCwidXBkYXRlIjo1NDAwMDAwMDAwMDAwfSwic2NoZW1hX3ZlcnNpb24iOiIwIn0="
        }
      ]
    },
    {
      "mode": "managed",
      "type": "azurerm_ssh_public_key",
      "name": "jenkins_ssh_key",
      "provider": "provider[\"registry.terraform.io/hashicorp/azurerm\"]",
      "instances": [
        {
          "schema_version": 0,
          "attributes": {
            "id": "/subscriptions/78a6d016-cf04-4a2b-a8a9-4e7e35b1be3f/resourceGroups/DEVOPS-RG/providers/Microsoft.Compute/sshPublicKeys/jenkins-vm_key",
            "location": "francecentral",
            "name": "jenkins-vm_key",
            "public_key": "ssh-rsa AAAAB3NzaC1yc2EAAAADAQABAAABgQChWdOXPducRxpAkvr2ZYgh+drZCetRK5NjRTwVDyJVb9GmXXAyj15vwgXGPtxc1tT0TITrdXq8TaDA11+cnkPiCEMcCwVzxBuq+gINwddL5kkZtpfeBodulGojFvBAHiPuZTCKhJ0wgvzKEzLuPrEKoDg3hIudvpYmk+Jn5BBomW8kc5qmRx6X7jwKjPxi2dekwQuvGRxJvc+lZgeqhTXnIKrfeIUIETxxTU2VPSyDr8SaHgwkDHL0epKqc6GtbzYgm5ic6UQVhs68T18q19lHf5SeRNasRWweZFB4kjqCd8v+vKUBe9DnyR8ajYGLwlWDVQ/j0fd7w3J82owKPEcOj3xPWpl5prF42J9d4WO3EIOXrnYT/4YYsHAa1opw1Gg9N7puwa0q/k1lPzOtuuWXaUBsKzEASR6tiA/mV8XfjfOa+AUH8DW6GT2Kycrpw5DbyV2mJ5Tjb6tYQLni0Sg6I3tcr0cPPHPTKH77OrOoJu8WXLZoB69E+wTCZV+X1Y0= generated-by-azure",
            "resource_group_name": "DEVOPS-RG",
            "tags": {},
            "timeouts": null
          },
          "sensitive_attributes": [],
          "private": "eyJlMmJmYjczMC1lY2FhLTExZTYtOGY4OC0zNDM2M2JjN2M0YzAiOnsiY3JlYXRlIjoyNzAwMDAwMDAwMDAwLCJkZWxldGUiOjI3MDAwMDAwMDAwMDAsInJlYWQiOjMwMDAwMDAwMDAwMCwidXBkYXRlIjoyNzAwMDAwMDAwMDAwfSwic2NoZW1hX3ZlcnNpb24iOiIwIn0=",
          "dependencies": [
            "azurerm_resource_group.devops-rg"
          ]
        }
      ]
    },
    {
      "mode": "managed",
      "type": "azurerm_subnet",
      "name": "jenkins_subnet",
      "provider": "provider[\"registry.terraform.io/hashicorp/azurerm\"]",
      "instances": [
        {
          "schema_version": 0,
          "attributes": {
            "address_prefixes": [
              "10.0.0.0/24"
            ],
            "default_outbound_access_enabled": true,
            "delegation": [],
            "id": "/subscriptions/78a6d016-cf04-4a2b-a8a9-4e7e35b1be3f/resourceGroups/devops-rg/providers/Microsoft.Network/virtualNetworks/jenkins-vm-vnet/subnets/default",
            "name": "default",
            "private_endpoint_network_policies": "Disabled",
            "private_link_service_network_policies_enabled": true,
            "resource_group_name": "devops-rg",
            "service_endpoint_policy_ids": [],
            "service_endpoints": [],
            "timeouts": null,
            "virtual_network_name": "jenkins-vm-vnet"
          },
          "sensitive_attributes": [],
          "private": "eyJlMmJmYjczMC1lY2FhLTExZTYtOGY4OC0zNDM2M2JjN2M0YzAiOnsiY3JlYXRlIjoxODAwMDAwMDAwMDAwLCJkZWxldGUiOjE4MDAwMDAwMDAwMDAsInJlYWQiOjMwMDAwMDAwMDAwMCwidXBkYXRlIjoxODAwMDAwMDAwMDAwfSwic2NoZW1hX3ZlcnNpb24iOiIwIn0=",
          "dependencies": [
            "azurerm_resource_group.devops-rg",
            "azurerm_virtual_network.jenkins-vm-vnet"
          ]
        }
      ]
    },
    {
      "mode": "managed",
      "type": "azurerm_virtual_network",
      "name": "jenkins-vm-vnet",
      "provider": "provider[\"registry.terraform.io/hashicorp/azurerm\"]",
      "instances": [
        {
          "schema_version": 0,
          "attributes": {
            "address_space": [
              "10.0.0.0/16"
            ],
            "bgp_community": "",
            "ddos_protection_plan": [],
            "dns_servers": [],
            "edge_zone": "",
            "encryption": [],
            "flow_timeout_in_minutes": 0,
            "guid": "b856196c-10e9-4ee6-a29a-a09aecda1e90",
            "id": "/subscriptions/78a6d016-cf04-4a2b-a8a9-4e7e35b1be3f/resourceGroups/devops-rg/providers/Microsoft.Network/virtualNetworks/jenkins-vm-vnet",
            "ip_address_pool": [],
            "location": "francecentral",
            "name": "jenkins-vm-vnet",
            "private_endpoint_vnet_policies": "Disabled",
            "resource_group_name": "devops-rg",
            "subnet": [
              {
                "address_prefixes": [
                  "10.0.0.0/24"
                ],
                "default_outbound_access_enabled": false,
                "delegation": [],
                "id": "/subscriptions/78a6d016-cf04-4a2b-a8a9-4e7e35b1be3f/resourceGroups/devops-rg/providers/Microsoft.Network/virtualNetworks/jenkins-vm-vnet/subnets/default",
                "name": "default",
                "private_endpoint_network_policies": "Disabled",
                "private_link_service_network_policies_enabled": true,
                "route_table_id": "",
                "security_group": "",
                "service_endpoint_policy_ids": [],
                "service_endpoints": []
              }
            ],
            "tags": {},
            "timeouts": null
          },
          "sensitive_attributes": [],
          "private": "eyJlMmJmYjczMC1lY2FhLTExZTYtOGY4OC0zNDM2M2JjN2M0YzAiOnsiY3JlYXRlIjoxODAwMDAwMDAwMDAwLCJkZWxldGUiOjE4MDAwMDAwMDAwMDAsInJlYWQiOjMwMDAwMDAwMDAwMCwidXBkYXRlIjoxODAwMDAwMDAwMDAwfSwic2NoZW1hX3ZlcnNpb24iOiIwIn0=",
          "dependencies": [
            "azurerm_resource_group.devops-rg"
          ]
        }
      ]
    }
  ],
  "check_results": null
}
