{
  "version": 4,
  "terraform_version": "1.11.1",
  "serial": 5,
  "lineage": "e9dd4d86-b1df-8fa0-b101-aaf0e1bbc48e",
  "outputs": {},
  "resources": [
    {
      "mode": "managed",
      "type": "azurerm_linux_virtual_machine",
      "name": "jenkins",
      "provider": "provider[\"registry.terraform.io/hashicorp/azurerm\"]",
      "instances": [
        {
          "schema_version": 0,
          "attributes": {
            "additional_capabilities": [
              {
                "hibernation_enabled": false,
                "ultra_ssd_enabled": false
              }
            ],
            "admin_password": null,
            "admin_ssh_key": [
              {
                "public_key": "ssh-rsa AAAAB3NzaC1yc2EAAAADAQABAAABgQChWdOXPducRxpAkvr2ZYgh+drZCetRK5NjRTwVDyJVb9GmXXAyj15vwgXGPtxc1tT0TITrdXq8TaDA11+cnkPiCEMcCwVzxBuq+gINwddL5kkZtpfeBodulGojFvBAHiPuZTCKhJ0wgvzKEzLuPrEKoDg3hIudvpYmk+Jn5BBomW8kc5qmRx6X7jwKjPxi2dekwQuvGRxJvc+lZgeqhTXnIKrfeIUIETxxTU2VPSyDr8SaHgwkDHL0epKqc6GtbzYgm5ic6UQVhs68T18q19lHf5SeRNasRWweZFB4kjqCd8v+vKUBe9DnyR8ajYGLwlWDVQ/j0fd7w3J82owKPEcOj3xPWpl5prF42J9d4WO3EIOXrnYT/4YYsHAa1opw1Gg9N7puwa0q/k1lPzOtuuWXaUBsKzEASR6tiA/mV8XfjfOa+AUH8DW6GT2Kycrpw5DbyV2mJ5Tjb6tYQLni0Sg6I3tcr0cPPHPTKH77OrOoJu8WXLZoB69E+wTCZV+X1Y0= generated-by-azure",
                "username": "azureuser"
              }
            ],
            "admin_username": "azureuser",
            "allow_extension_operations": true,
            "availability_set_id": "",
            "boot_diagnostics": [
              {
                "storage_account_uri": ""
              }
            ],
            "bypass_platform_safety_checks_on_user_schedule_enabled": false,
            "capacity_reservation_group_id": "",
            "computer_name": "jenkins-vm",
            "custom_data": null,
            "dedicated_host_group_id": "",
            "dedicated_host_id": "",
            "disable_password_authentication": true,
            "disk_controller_type": "SCSI",
            "edge_zone": "",
            "encryption_at_host_enabled": false,
            "eviction_policy": "",
            "extensions_time_budget": "PT1H30M",
            "gallery_application": [],
            "id": "/subscriptions/78a6d016-cf04-4a2b-a8a9-4e7e35b1be3f/resourceGroups/devops-rg/providers/Microsoft.Compute/virtualMachines/jenkins-vm",
            "identity": [],
            "license_type": "",
            "location": "francecentral",
            "max_bid_price": -1,
            "name": "jenkins-vm",
            "network_interface_ids": [
              "/subscriptions/78a6d016-cf04-4a2b-a8a9-4e7e35b1be3f/resourceGroups/devops-rg/providers/Microsoft.Network/networkInterfaces/jenkins-vm593_z1"
            ],
            "os_disk": [
              {
                "caching": "ReadWrite",
                "diff_disk_settings": [],
                "disk_encryption_set_id": "",
                "disk_size_gb": 30,
                "id": "/subscriptions/78a6d016-cf04-4a2b-a8a9-4e7e35b1be3f/resourceGroups/DEVOPS-RG/providers/Microsoft.Compute/disks/jenkins-vm_OsDisk_1_237eab073e3c48b49cc8837255375e1f",
                "name": "jenkins-vm_OsDisk_1_237eab073e3c48b49cc8837255375e1f",
                "secure_vm_disk_encryption_set_id": "",
                "security_encryption_type": "",
                "storage_account_type": "Premium_LRS",
                "write_accelerator_enabled": false
              }
            ],
            "os_image_notification": [],
            "patch_assessment_mode": "ImageDefault",
            "patch_mode": "AutomaticByPlatform",
            "plan": [],
            "platform_fault_domain": -1,
            "priority": "Regular",
            "private_ip_address": "10.0.0.4",
            "private_ip_addresses": [
              "10.0.0.4"
            ],
            "provision_vm_agent": true,
            "proximity_placement_group_id": "",
            "public_ip_address": "20.199.66.44",
            "public_ip_addresses": [
              "20.199.66.44"
            ],
            "reboot_setting": "IfRequired",
            "resource_group_name": "devops-rg",
            "secret": [],
            "secure_boot_enabled": true,
            "size": "Standard_B1s",
            "source_image_id": "",
            "source_image_reference": [
              {
                "offer": "0001-com-ubuntu-server-jammy",
                "publisher": "canonical",
                "sku": "22_04-lts-gen2",
                "version": "latest"
              }
            ],
            "tags": {},
            "termination_notification": [],
            "timeouts": null,
            "user_data": "",
            "virtual_machine_id": "afda6bf5-54dc-4d0b-84c0-e0d4821cac50",
            "virtual_machine_scale_set_id": "",
            "vm_agent_platform_updates_enabled": false,
            "vtpm_enabled": true,
            "zone": "1"
          },
          "sensitive_attributes": [
            [
              {
                "type": "get_attr",
                "value": "admin_password"
              }
            ],
            [
              {
                "type": "get_attr",
                "value": "custom_data"
              }
            ]
          ],
          "private": "eyJlMmJmYjczMC1lY2FhLTExZTYtOGY4OC0zNDM2M2JjN2M0YzAiOnsiY3JlYXRlIjoyNzAwMDAwMDAwMDAwLCJkZWxldGUiOjI3MDAwMDAwMDAwMDAsInJlYWQiOjMwMDAwMDAwMDAwMCwidXBkYXRlIjoyNzAwMDAwMDAwMDAwfSwic2NoZW1hX3ZlcnNpb24iOiIwIn0="
        }
      ]
    },
    {
      "mode": "managed",
      "type": "azurerm_resource_group",
      "name": "devops-rg",
      "provider": "provider[\"registry.terraform.io/hashicorp/azurerm\"]",
      "instances": [
        {
          "schema_version": 0,
          "attributes": {
            "id": "/subscriptions/78a6d016-cf04-4a2b-a8a9-4e7e35b1be3f/resourceGroups/devops-rg",
            "location": "francecentral",
            "managed_by": "",
            "name": "devops-rg",
            "tags": {},
            "timeouts": null
          },
          "sensitive_attributes": [],
          "private": "eyJlMmJmYjczMC1lY2FhLTExZTYtOGY4OC0zNDM2M2JjN2M0YzAiOnsiY3JlYXRlIjo1NDAwMDAwMDAwMDAwLCJkZWxldGUiOjU0MDAwMDAwMDAwMDAsInJlYWQiOjMwMDAwMDAwMDAwMCwidXBkYXRlIjo1NDAwMDAwMDAwMDAwfSwic2NoZW1hX3ZlcnNpb24iOiIwIn0="
        }
      ]
    },
    {
      "mode": "managed",
      "type": "azurerm_virtual_network",
      "name": "jenkins-vm-vnet",
      "provider": "provider[\"registry.terraform.io/hashicorp/azurerm\"]",
      "instances": [
        {
          "schema_version": 0,
          "attributes": {
            "address_space": [
              "10.0.0.0/16"
            ],
            "bgp_community": "",
            "ddos_protection_plan": [],
            "dns_servers": [],
            "edge_zone": "",
            "encryption": [],
            "flow_timeout_in_minutes": 0,
            "guid": "b856196c-10e9-4ee6-a29a-a09aecda1e90",
            "id": "/subscriptions/78a6d016-cf04-4a2b-a8a9-4e7e35b1be3f/resourceGroups/devops-rg/providers/Microsoft.Network/virtualNetworks/jenkins-vm-vnet",
            "ip_address_pool": [],
            "location": "francecentral",
            "name": "jenkins-vm-vnet",
            "private_endpoint_vnet_policies": "Disabled",
            "resource_group_name": "devops-rg",
            "subnet": [
              {
                "address_prefixes": [
                  "10.0.0.0/24"
                ],
                "default_outbound_access_enabled": false,
                "delegation": [],
                "id": "/subscriptions/78a6d016-cf04-4a2b-a8a9-4e7e35b1be3f/resourceGroups/devops-rg/providers/Microsoft.Network/virtualNetworks/jenkins-vm-vnet/subnets/default",
                "name": "default",
                "private_endpoint_network_policies": "Disabled",
                "private_link_service_network_policies_enabled": true,
                "route_table_id": "",
                "security_group": "",
                "service_endpoint_policy_ids": [],
                "service_endpoints": []
              }
            ],
            "tags": {},
            "timeouts": null
          },
          "sensitive_attributes": [],
          "private": "eyJlMmJmYjczMC1lY2FhLTExZTYtOGY4OC0zNDM2M2JjN2M0YzAiOnsiY3JlYXRlIjoxODAwMDAwMDAwMDAwLCJkZWxldGUiOjE4MDAwMDAwMDAwMDAsInJlYWQiOjMwMDAwMDAwMDAwMCwidXBkYXRlIjoxODAwMDAwMDAwMDAwfSwic2NoZW1hX3ZlcnNpb24iOiIwIn0="
        }
      ]
    }
  ],
  "check_results": null
}
